<Solution>
  <Folder Name="/Solution Items/">
    <File Path=".editorconfig" />
    <File Path=".gitignore" />
    <File Path="ARCHITECTURE.md" />
    <File Path="cdk.json" />
    <File Path="docker-compose.yml" />
    <File Path="QUICKSTART.md" />
    <File Path="README.md" />
  </Folder>
  <Folder Name="/src/">
    <Project Path="src/ObservabilityDemo/ObservabilityDemo.csproj" />
    <Project Path="src/OtelApiInfra/OtelApiInfra.csproj" />
  </Folder>
</Solution>
